PODS:
  - XFLegoVIPER (3.5.0)

DEPENDENCIES:
  - XFLegoVIPER (from `../XFLegoVIPER.podspec`)

EXTERNAL SOURCES:
  XFLegoVIPER:
    :path: "../XFLegoVIPER.podspec"

SPEC CHECKSUMS:
  XFLegoVIPER: e03c08946edef49bc83c0d0cb1a51fb6edd583c3

PODFILE CHECKSUM: 4f23e0c5650f1ce472c81763962d270058f1ae0d

COCOAPODS: 1.2.0
