PODS:
  - XFLegoVIPER (4.20.0)

DEPENDENCIES:
  - XFLegoVIPER (from `../XFLegoVIPER.podspec`)

EXTERNAL SOURCES:
  XFLegoVIPER:
    :path: "../XFLegoVIPER.podspec"

SPEC CHECKSUMS:
  XFLegoVIPER: bfe5299906f0085431b7fb105432c2a1384c85b5

PODFILE CHECKSUM: 4f23e0c5650f1ce472c81763962d270058f1ae0d

COCOAPODS: 1.9.1
