// !$*UTF8*$!
{
	archiveVersion = 1;
	classes = {
	};
	objectVersion = 51;
	objects = {

/* Begin PBXBuildFile section */
		40555E3F246EF5BA00FF79B8 /* AppDelegate.swift in Sources */ = {isa = PBXBuildFile; fileRef = 40555E3E246EF5BA00FF79B8 /* AppDelegate.swift */; };
		40555E41246EF5BA00FF79B8 /* SceneDelegate.swift in Sources */ = {isa = PBXBuildFile; fileRef = 40555E40246EF5BA00FF79B8 /* SceneDelegate.swift */; };
		40555E43246EF5BA00FF79B8 /* ContentView.swift in Sources */ = {isa = PBXBuildFile; fileRef = 40555E42246EF5BA00FF79B8 /* ContentView.swift */; };
		40555E45246EF5BB00FF79B8 /* Assets.xcassets in Resources */ = {isa = PBXBuildFile; fileRef = 40555E44246EF5BB00FF79B8 /* Assets.xcassets */; };
		40555E48246EF5BB00FF79B8 /* Preview Assets.xcassets in Resources */ = {isa = PBXBuildFile; fileRef = 40555E47246EF5BB00FF79B8 /* Preview Assets.xcassets */; };
		40555E56246EF5BB00FF79B8 /* LegoExampleTests.swift in Sources */ = {isa = PBXBuildFile; fileRef = 40555E55246EF5BB00FF79B8 /* LegoExampleTests.swift */; };
		40555E61246EF5BB00FF79B8 /* LegoExampleUITests.swift in Sources */ = {isa = PBXBuildFile; fileRef = 40555E60246EF5BB00FF79B8 /* LegoExampleUITests.swift */; };
		40555E6F246EF77300FF79B8 /* LaunchScreen.storyboard in Resources */ = {isa = PBXBuildFile; fileRef = 40555E6E246EF77300FF79B8 /* LaunchScreen.storyboard */; };
		40555E7A246F04BB00FF79B8 /* LoginViewController.xib in Resources */ = {isa = PBXBuildFile; fileRef = 40555E78246F04BB00FF79B8 /* LoginViewController.xib */; };
		40555E7B246F04BB00FF79B8 /* LoginViewController.swift in Sources */ = {isa = PBXBuildFile; fileRef = 40555E79246F04BB00FF79B8 /* LoginViewController.swift */; };
		40555E80246F05DD00FF79B8 /* XFRegisterViewController.m in Sources */ = {isa = PBXBuildFile; fileRef = 40555E7F246F05DD00FF79B8 /* XFRegisterViewController.m */; };
		40555E8A246F097600FF79B8 /* IndexViewModel.swift in Sources */ = {isa = PBXBuildFile; fileRef = 40555E83246F097500FF79B8 /* IndexViewModel.swift */; };
		40555E8B246F097600FF79B8 /* IndexDataDriverProtocol.swift in Sources */ = {isa = PBXBuildFile; fileRef = 40555E85246F097500FF79B8 /* IndexDataDriverProtocol.swift */; };
		40555E8C246F097600FF79B8 /* IndexViewProtocol.swift in Sources */ = {isa = PBXBuildFile; fileRef = 40555E86246F097500FF79B8 /* IndexViewProtocol.swift */; };
		40555E8D246F097600FF79B8 /* IndexViewController.xib in Resources */ = {isa = PBXBuildFile; fileRef = 40555E88246F097500FF79B8 /* IndexViewController.xib */; };
		40555E8E246F097600FF79B8 /* IndexViewController.swift in Sources */ = {isa = PBXBuildFile; fileRef = 40555E89246F097500FF79B8 /* IndexViewController.swift */; };
		40555EA3246F0C0800FF79B8 /* DetailEventHandlerPort.swift in Sources */ = {isa = PBXBuildFile; fileRef = 40555E91246F0C0800FF79B8 /* DetailEventHandlerPort.swift */; };
		40555EA4246F0C0800FF79B8 /* DetailUserInterfacePort.swift in Sources */ = {isa = PBXBuildFile; fileRef = 40555E92246F0C0800FF79B8 /* DetailUserInterfacePort.swift */; };
		40555EA5246F0C0800FF79B8 /* DetailWireFramePort.swift in Sources */ = {isa = PBXBuildFile; fileRef = 40555E93246F0C0800FF79B8 /* DetailWireFramePort.swift */; };
		40555EA6246F0C0800FF79B8 /* DetailDataManagerPort.swift in Sources */ = {isa = PBXBuildFile; fileRef = 40555E94246F0C0800FF79B8 /* DetailDataManagerPort.swift */; };
		40555EA7246F0C0800FF79B8 /* DetailInteractorPort.swift in Sources */ = {isa = PBXBuildFile; fileRef = 40555E95246F0C0800FF79B8 /* DetailInteractorPort.swift */; };
		40555EA8246F0C0800FF79B8 /* DetailDataManager.swift in Sources */ = {isa = PBXBuildFile; fileRef = 40555E98246F0C0800FF79B8 /* DetailDataManager.swift */; };
		40555EA9246F0C0800FF79B8 /* DetailInteractor.swift in Sources */ = {isa = PBXBuildFile; fileRef = 40555E9A246F0C0800FF79B8 /* DetailInteractor.swift */; };
		40555EAA246F0C0800FF79B8 /* DetailPresenter.swift in Sources */ = {isa = PBXBuildFile; fileRef = 40555E9D246F0C0800FF79B8 /* DetailPresenter.swift */; };
		40555EAB246F0C0800FF79B8 /* DetailRouting.swift in Sources */ = {isa = PBXBuildFile; fileRef = 40555E9F246F0C0800FF79B8 /* DetailRouting.swift */; };
		40555EAC246F0C0800FF79B8 /* DetailActivity.swift in Sources */ = {isa = PBXBuildFile; fileRef = 40555EA1246F0C0800FF79B8 /* DetailActivity.swift */; };
		40555EAD246F0C0800FF79B8 /* DetailActivity.xib in Resources */ = {isa = PBXBuildFile; fileRef = 40555EA2246F0C0800FF79B8 /* DetailActivity.xib */; };
		40555EB2246F0D8100FF79B8 /* LosePwdViewController.m in Sources */ = {isa = PBXBuildFile; fileRef = 40555EB1246F0D8100FF79B8 /* LosePwdViewController.m */; };
		40555EB9246F10A000FF79B8 /* ViewController.swift in Sources */ = {isa = PBXBuildFile; fileRef = 40555EB6246F10A000FF79B8 /* ViewController.swift */; };
		40555EBA246F10A000FF79B8 /* ViewModel.swift in Sources */ = {isa = PBXBuildFile; fileRef = 40555EB7246F10A000FF79B8 /* ViewModel.swift */; };
		40555EBB246F10A000FF79B8 /* NSObjectExtensions.swift in Sources */ = {isa = PBXBuildFile; fileRef = 40555EB8246F10A000FF79B8 /* NSObjectExtensions.swift */; };
		FD4CB0AF51DE7C5E5B7D66D9 /* Pods_LegoExample.framework in Frameworks */ = {isa = PBXBuildFile; fileRef = C77E100A5424A4EF3150E5CC /* Pods_LegoExample.framework */; };
/* End PBXBuildFile section */

/* Begin PBXContainerItemProxy section */
		40555E52246EF5BB00FF79B8 /* PBXContainerItemProxy */ = {
			isa = PBXContainerItemProxy;
			containerPortal = 40555E33246EF5BA00FF79B8 /* Project object */;
			proxyType = 1;
			remoteGlobalIDString = 40555E3A246EF5BA00FF79B8;
			remoteInfo = LegoExample;
		};
		40555E5D246EF5BB00FF79B8 /* PBXContainerItemProxy */ = {
			isa = PBXContainerItemProxy;
			containerPortal = 40555E33246EF5BA00FF79B8 /* Project object */;
			proxyType = 1;
			remoteGlobalIDString = 40555E3A246EF5BA00FF79B8;
			remoteInfo = LegoExample;
		};
/* End PBXContainerItemProxy section */

/* Begin PBXFileReference section */
		40555E3B246EF5BA00FF79B8 /* LegoExample.app */ = {isa = PBXFileReference; explicitFileType = wrapper.application; includeInIndex = 0; path = LegoExample.app; sourceTree = BUILT_PRODUCTS_DIR; };
		40555E3E246EF5BA00FF79B8 /* AppDelegate.swift */ = {isa = PBXFileReference; lastKnownFileType = sourcecode.swift; path = AppDelegate.swift; sourceTree = "<group>"; };
		40555E40246EF5BA00FF79B8 /* SceneDelegate.swift */ = {isa = PBXFileReference; lastKnownFileType = sourcecode.swift; path = SceneDelegate.swift; sourceTree = "<group>"; };
		40555E42246EF5BA00FF79B8 /* ContentView.swift */ = {isa = PBXFileReference; lastKnownFileType = sourcecode.swift; path = ContentView.swift; sourceTree = "<group>"; };
		40555E44246EF5BB00FF79B8 /* Assets.xcassets */ = {isa = PBXFileReference; lastKnownFileType = folder.assetcatalog; path = Assets.xcassets; sourceTree = "<group>"; };
		40555E47246EF5BB00FF79B8 /* Preview Assets.xcassets */ = {isa = PBXFileReference; lastKnownFileType = folder.assetcatalog; path = "Preview Assets.xcassets"; sourceTree = "<group>"; };
		40555E4C246EF5BB00FF79B8 /* Info.plist */ = {isa = PBXFileReference; lastKnownFileType = text.plist.xml; path = Info.plist; sourceTree = "<group>"; };
		40555E51246EF5BB00FF79B8 /* LegoExampleTests.xctest */ = {isa = PBXFileReference; explicitFileType = wrapper.cfbundle; includeInIndex = 0; path = LegoExampleTests.xctest; sourceTree = BUILT_PRODUCTS_DIR; };
		40555E55246EF5BB00FF79B8 /* LegoExampleTests.swift */ = {isa = PBXFileReference; lastKnownFileType = sourcecode.swift; path = LegoExampleTests.swift; sourceTree = "<group>"; };
		40555E57246EF5BB00FF79B8 /* Info.plist */ = {isa = PBXFileReference; lastKnownFileType = text.plist.xml; path = Info.plist; sourceTree = "<group>"; };
		40555E5C246EF5BB00FF79B8 /* LegoExampleUITests.xctest */ = {isa = PBXFileReference; explicitFileType = wrapper.cfbundle; includeInIndex = 0; path = LegoExampleUITests.xctest; sourceTree = BUILT_PRODUCTS_DIR; };
		40555E60246EF5BB00FF79B8 /* LegoExampleUITests.swift */ = {isa = PBXFileReference; lastKnownFileType = sourcecode.swift; path = LegoExampleUITests.swift; sourceTree = "<group>"; };
		40555E62246EF5BB00FF79B8 /* Info.plist */ = {isa = PBXFileReference; lastKnownFileType = text.plist.xml; path = Info.plist; sourceTree = "<group>"; };
		40555E6E246EF77300FF79B8 /* LaunchScreen.storyboard */ = {isa = PBXFileReference; fileEncoding = 4; lastKnownFileType = file.storyboard; path = LaunchScreen.storyboard; sourceTree = "<group>"; };
		40555E78246F04BB00FF79B8 /* LoginViewController.xib */ = {isa = PBXFileReference; fileEncoding = 4; lastKnownFileType = file.xib; path = LoginViewController.xib; sourceTree = "<group>"; };
		40555E79246F04BB00FF79B8 /* LoginViewController.swift */ = {isa = PBXFileReference; fileEncoding = 4; lastKnownFileType = sourcecode.swift; path = LoginViewController.swift; sourceTree = "<group>"; };
		40555E7E246F05DD00FF79B8 /* XFRegisterViewController.h */ = {isa = PBXFileReference; fileEncoding = 4; lastKnownFileType = sourcecode.c.h; path = XFRegisterViewController.h; sourceTree = "<group>"; };
		40555E7F246F05DD00FF79B8 /* XFRegisterViewController.m */ = {isa = PBXFileReference; fileEncoding = 4; lastKnownFileType = sourcecode.c.objc; path = XFRegisterViewController.m; sourceTree = "<group>"; };
		40555E83246F097500FF79B8 /* IndexViewModel.swift */ = {isa = PBXFileReference; fileEncoding = 4; lastKnownFileType = sourcecode.swift; path = IndexViewModel.swift; sourceTree = "<group>"; };
		40555E85246F097500FF79B8 /* IndexDataDriverProtocol.swift */ = {isa = PBXFileReference; fileEncoding = 4; lastKnownFileType = sourcecode.swift; path = IndexDataDriverProtocol.swift; sourceTree = "<group>"; };
		40555E86246F097500FF79B8 /* IndexViewProtocol.swift */ = {isa = PBXFileReference; fileEncoding = 4; lastKnownFileType = sourcecode.swift; path = IndexViewProtocol.swift; sourceTree = "<group>"; };
		40555E88246F097500FF79B8 /* IndexViewController.xib */ = {isa = PBXFileReference; fileEncoding = 4; lastKnownFileType = file.xib; path = IndexViewController.xib; sourceTree = "<group>"; };
		40555E89246F097500FF79B8 /* IndexViewController.swift */ = {isa = PBXFileReference; fileEncoding = 4; lastKnownFileType = sourcecode.swift; path = IndexViewController.swift; sourceTree = "<group>"; };
		40555E91246F0C0800FF79B8 /* DetailEventHandlerPort.swift */ = {isa = PBXFileReference; fileEncoding = 4; lastKnownFileType = sourcecode.swift; path = DetailEventHandlerPort.swift; sourceTree = "<group>"; };
		40555E92246F0C0800FF79B8 /* DetailUserInterfacePort.swift */ = {isa = PBXFileReference; fileEncoding = 4; lastKnownFileType = sourcecode.swift; path = DetailUserInterfacePort.swift; sourceTree = "<group>"; };
		40555E93246F0C0800FF79B8 /* DetailWireFramePort.swift */ = {isa = PBXFileReference; fileEncoding = 4; lastKnownFileType = sourcecode.swift; path = DetailWireFramePort.swift; sourceTree = "<group>"; };
		40555E94246F0C0800FF79B8 /* DetailDataManagerPort.swift */ = {isa = PBXFileReference; fileEncoding = 4; lastKnownFileType = sourcecode.swift; path = DetailDataManagerPort.swift; sourceTree = "<group>"; };
		40555E95246F0C0800FF79B8 /* DetailInteractorPort.swift */ = {isa = PBXFileReference; fileEncoding = 4; lastKnownFileType = sourcecode.swift; path = DetailInteractorPort.swift; sourceTree = "<group>"; };
		40555E98246F0C0800FF79B8 /* DetailDataManager.swift */ = {isa = PBXFileReference; fileEncoding = 4; lastKnownFileType = sourcecode.swift; path = DetailDataManager.swift; sourceTree = "<group>"; };
		40555E9A246F0C0800FF79B8 /* DetailInteractor.swift */ = {isa = PBXFileReference; fileEncoding = 4; lastKnownFileType = sourcecode.swift; path = DetailInteractor.swift; sourceTree = "<group>"; };
		40555E9D246F0C0800FF79B8 /* DetailPresenter.swift */ = {isa = PBXFileReference; fileEncoding = 4; lastKnownFileType = sourcecode.swift; path = DetailPresenter.swift; sourceTree = "<group>"; };
		40555E9F246F0C0800FF79B8 /* DetailRouting.swift */ = {isa = PBXFileReference; fileEncoding = 4; lastKnownFileType = sourcecode.swift; path = DetailRouting.swift; sourceTree = "<group>"; };
		40555EA1246F0C0800FF79B8 /* DetailActivity.swift */ = {isa = PBXFileReference; fileEncoding = 4; lastKnownFileType = sourcecode.swift; path = DetailActivity.swift; sourceTree = "<group>"; };
		40555EA2246F0C0800FF79B8 /* DetailActivity.xib */ = {isa = PBXFileReference; fileEncoding = 4; lastKnownFileType = file.xib; path = DetailActivity.xib; sourceTree = "<group>"; };
		40555EB0246F0D8100FF79B8 /* LosePwdViewController.h */ = {isa = PBXFileReference; fileEncoding = 4; lastKnownFileType = sourcecode.c.h; path = LosePwdViewController.h; sourceTree = "<group>"; };
		40555EB1246F0D8100FF79B8 /* LosePwdViewController.m */ = {isa = PBXFileReference; fileEncoding = 4; lastKnownFileType = sourcecode.c.objc; path = LosePwdViewController.m; sourceTree = "<group>"; };
		40555EB6246F10A000FF79B8 /* ViewController.swift */ = {isa = PBXFileReference; fileEncoding = 4; lastKnownFileType = sourcecode.swift; path = ViewController.swift; sourceTree = "<group>"; };
		40555EB7246F10A000FF79B8 /* ViewModel.swift */ = {isa = PBXFileReference; fileEncoding = 4; lastKnownFileType = sourcecode.swift; path = ViewModel.swift; sourceTree = "<group>"; };
		40555EB8246F10A000FF79B8 /* NSObjectExtensions.swift */ = {isa = PBXFileReference; fileEncoding = 4; lastKnownFileType = sourcecode.swift; path = NSObjectExtensions.swift; sourceTree = "<group>"; };
		4B83FC8FDB53DA6FE6D97386 /* Pods-LegoExample.debug.xcconfig */ = {isa = PBXFileReference; includeInIndex = 1; lastKnownFileType = text.xcconfig; name = "Pods-LegoExample.debug.xcconfig"; path = "Target Support Files/Pods-LegoExample/Pods-LegoExample.debug.xcconfig"; sourceTree = "<group>"; };
		8680EA11D83900990C4331F3 /* Pods-LegoExample.release.xcconfig */ = {isa = PBXFileReference; includeInIndex = 1; lastKnownFileType = text.xcconfig; name = "Pods-LegoExample.release.xcconfig"; path = "Target Support Files/Pods-LegoExample/Pods-LegoExample.release.xcconfig"; sourceTree = "<group>"; };
		C77E100A5424A4EF3150E5CC /* Pods_LegoExample.framework */ = {isa = PBXFileReference; explicitFileType = wrapper.framework; includeInIndex = 0; path = Pods_LegoExample.framework; sourceTree = BUILT_PRODUCTS_DIR; };
/* End PBXFileReference section */

/* Begin PBXFrameworksBuildPhase section */
		40555E38246EF5BA00FF79B8 /* Frameworks */ = {
			isa = PBXFrameworksBuildPhase;
			buildActionMask = 2147483647;
			files = (
				FD4CB0AF51DE7C5E5B7D66D9 /* Pods_LegoExample.framework in Frameworks */,
			);
			runOnlyForDeploymentPostprocessing = 0;
		};
		40555E4E246EF5BB00FF79B8 /* Frameworks */ = {
			isa = PBXFrameworksBuildPhase;
			buildActionMask = 2147483647;
			files = (
			);
			runOnlyForDeploymentPostprocessing = 0;
		};
		40555E59246EF5BB00FF79B8 /* Frameworks */ = {
			isa = PBXFrameworksBuildPhase;
			buildActionMask = 2147483647;
			files = (
			);
			runOnlyForDeploymentPostprocessing = 0;
		};
/* End PBXFrameworksBuildPhase section */

/* Begin PBXGroup section */
		40555E32246EF5BA00FF79B8 = {
			isa = PBXGroup;
			children = (
				40555E3D246EF5BA00FF79B8 /* LegoExample */,
				40555E54246EF5BB00FF79B8 /* LegoExampleTests */,
				40555E5F246EF5BB00FF79B8 /* LegoExampleUITests */,
				40555E3C246EF5BA00FF79B8 /* Products */,
				DC840330B1222CEB9CD4D364 /* Pods */,
				D99A00674551A9C9D9E44834 /* Frameworks */,
			);
			sourceTree = "<group>";
		};
		40555E3C246EF5BA00FF79B8 /* Products */ = {
			isa = PBXGroup;
			children = (
				40555E3B246EF5BA00FF79B8 /* LegoExample.app */,
				40555E51246EF5BB00FF79B8 /* LegoExampleTests.xctest */,
				40555E5C246EF5BB00FF79B8 /* LegoExampleUITests.xctest */,
			);
			name = Products;
			sourceTree = "<group>";
		};
		40555E3D246EF5BA00FF79B8 /* LegoExample */ = {
			isa = PBXGroup;
			children = (
				40555EB4246F107000FF79B8 /* Classes */,
				40555E44246EF5BB00FF79B8 /* Assets.xcassets */,
				40555E6E246EF77300FF79B8 /* LaunchScreen.storyboard */,
				40555E4C246EF5BB00FF79B8 /* Info.plist */,
				40555E46246EF5BB00FF79B8 /* Preview Content */,
			);
			path = LegoExample;
			sourceTree = "<group>";
		};
		40555E46246EF5BB00FF79B8 /* Preview Content */ = {
			isa = PBXGroup;
			children = (
				40555E47246EF5BB00FF79B8 /* Preview Assets.xcassets */,
			);
			path = "Preview Content";
			sourceTree = "<group>";
		};
		40555E54246EF5BB00FF79B8 /* LegoExampleTests */ = {
			isa = PBXGroup;
			children = (
				40555E55246EF5BB00FF79B8 /* LegoExampleTests.swift */,
				40555E57246EF5BB00FF79B8 /* Info.plist */,
			);
			path = LegoExampleTests;
			sourceTree = "<group>";
		};
		40555E5F246EF5BB00FF79B8 /* LegoExampleUITests */ = {
			isa = PBXGroup;
			children = (
				40555E60246EF5BB00FF79B8 /* LegoExampleUITests.swift */,
				40555E62246EF5BB00FF79B8 /* Info.plist */,
			);
			path = LegoExampleUITests;
			sourceTree = "<group>";
		};
		40555E70246F017200FF79B8 /* Application */ = {
			isa = PBXGroup;
			children = (
				40555E8F246F0C0800FF79B8 /* Detail */,
				40555E81246F097500FF79B8 /* Index */,
				40555EAE246F0D8100FF79B8 /* LosePwd */,
				40555E7C246F05AE00FF79B8 /* Register */,
				40555E77246F04BB00FF79B8 /* Login */,
			);
			path = Application;
			sourceTree = "<group>";
		};
		40555E77246F04BB00FF79B8 /* Login */ = {
			isa = PBXGroup;
			children = (
				40555E79246F04BB00FF79B8 /* LoginViewController.swift */,
				40555E78246F04BB00FF79B8 /* LoginViewController.xib */,
			);
			path = Login;
			sourceTree = "<group>";
		};
		40555E7C246F05AE00FF79B8 /* Register */ = {
			isa = PBXGroup;
			children = (
				40555E7D246F05DD00FF79B8 /* Controller */,
			);
			path = Register;
			sourceTree = "<group>";
		};
		40555E7D246F05DD00FF79B8 /* Controller */ = {
			isa = PBXGroup;
			children = (
				40555E7E246F05DD00FF79B8 /* XFRegisterViewController.h */,
				40555E7F246F05DD00FF79B8 /* XFRegisterViewController.m */,
			);
			path = Controller;
			sourceTree = "<group>";
		};
		40555E81246F097500FF79B8 /* Index */ = {
			isa = PBXGroup;
			children = (
				40555E82246F097500FF79B8 /* ViewModel */,
				40555E84246F097500FF79B8 /* Interface */,
				40555E87246F097500FF79B8 /* View */,
			);
			path = Index;
			sourceTree = "<group>";
		};
		40555E82246F097500FF79B8 /* ViewModel */ = {
			isa = PBXGroup;
			children = (
				40555E83246F097500FF79B8 /* IndexViewModel.swift */,
			);
			path = ViewModel;
			sourceTree = "<group>";
		};
		40555E84246F097500FF79B8 /* Interface */ = {
			isa = PBXGroup;
			children = (
				40555E85246F097500FF79B8 /* IndexDataDriverProtocol.swift */,
				40555E86246F097500FF79B8 /* IndexViewProtocol.swift */,
			);
			path = Interface;
			sourceTree = "<group>";
		};
		40555E87246F097500FF79B8 /* View */ = {
			isa = PBXGroup;
			children = (
				40555E88246F097500FF79B8 /* IndexViewController.xib */,
				40555E89246F097500FF79B8 /* IndexViewController.swift */,
			);
			path = View;
			sourceTree = "<group>";
		};
		40555E8F246F0C0800FF79B8 /* Detail */ = {
			isa = PBXGroup;
			children = (
				40555E90246F0C0800FF79B8 /* Module Interface */,
				40555E96246F0C0800FF79B8 /* Application Logic */,
				40555E9B246F0C0800FF79B8 /* User Interface */,
			);
			path = Detail;
			sourceTree = "<group>";
		};
		40555E90246F0C0800FF79B8 /* Module Interface */ = {
			isa = PBXGroup;
			children = (
				40555E91246F0C0800FF79B8 /* DetailEventHandlerPort.swift */,
				40555E92246F0C0800FF79B8 /* DetailUserInterfacePort.swift */,
				40555E93246F0C0800FF79B8 /* DetailWireFramePort.swift */,
				40555E94246F0C0800FF79B8 /* DetailDataManagerPort.swift */,
				40555E95246F0C0800FF79B8 /* DetailInteractorPort.swift */,
			);
			path = "Module Interface";
			sourceTree = "<group>";
		};
		40555E96246F0C0800FF79B8 /* Application Logic */ = {
			isa = PBXGroup;
			children = (
				40555E97246F0C0800FF79B8 /* DataManager */,
				40555E99246F0C0800FF79B8 /* Interactor */,
			);
			path = "Application Logic";
			sourceTree = "<group>";
		};
		40555E97246F0C0800FF79B8 /* DataManager */ = {
			isa = PBXGroup;
			children = (
				40555E98246F0C0800FF79B8 /* DetailDataManager.swift */,
			);
			path = DataManager;
			sourceTree = "<group>";
		};
		40555E99246F0C0800FF79B8 /* Interactor */ = {
			isa = PBXGroup;
			children = (
				40555E9A246F0C0800FF79B8 /* DetailInteractor.swift */,
			);
			path = Interactor;
			sourceTree = "<group>";
		};
		40555E9B246F0C0800FF79B8 /* User Interface */ = {
			isa = PBXGroup;
			children = (
				40555E9C246F0C0800FF79B8 /* Presenter */,
				40555E9E246F0C0800FF79B8 /* WireFrame */,
				40555EA0246F0C0800FF79B8 /* View */,
			);
			path = "User Interface";
			sourceTree = "<group>";
		};
		40555E9C246F0C0800FF79B8 /* Presenter */ = {
			isa = PBXGroup;
			children = (
				40555E9D246F0C0800FF79B8 /* DetailPresenter.swift */,
			);
			path = Presenter;
			sourceTree = "<group>";
		};
		40555E9E246F0C0800FF79B8 /* WireFrame */ = {
			isa = PBXGroup;
			children = (
				40555E9F246F0C0800FF79B8 /* DetailRouting.swift */,
			);
			path = WireFrame;
			sourceTree = "<group>";
		};
		40555EA0246F0C0800FF79B8 /* View */ = {
			isa = PBXGroup;
			children = (
				40555EA1246F0C0800FF79B8 /* DetailActivity.swift */,
				40555EA2246F0C0800FF79B8 /* DetailActivity.xib */,
			);
			path = View;
			sourceTree = "<group>";
		};
		40555EAE246F0D8100FF79B8 /* LosePwd */ = {
			isa = PBXGroup;
			children = (
				40555EAF246F0D8100FF79B8 /* Controller */,
			);
			path = LosePwd;
			sourceTree = "<group>";
		};
		40555EAF246F0D8100FF79B8 /* Controller */ = {
			isa = PBXGroup;
			children = (
				40555EB0246F0D8100FF79B8 /* LosePwdViewController.h */,
				40555EB1246F0D8100FF79B8 /* LosePwdViewController.m */,
			);
			path = Controller;
			sourceTree = "<group>";
		};
		40555EB3246F104000FF79B8 /* Other */ = {
			isa = PBXGroup;
			children = (
				40555E3E246EF5BA00FF79B8 /* AppDelegate.swift */,
				40555E40246EF5BA00FF79B8 /* SceneDelegate.swift */,
				40555E42246EF5BA00FF79B8 /* ContentView.swift */,
			);
			path = Other;
			sourceTree = "<group>";
		};
		40555EB4246F107000FF79B8 /* Classes */ = {
			isa = PBXGroup;
			children = (
				40555E70246F017200FF79B8 /* Application */,
				40555EB3246F104000FF79B8 /* Other */,
				40555EB5246F10A000FF79B8 /* SwfitRuntimeTest */,
			);
			path = Classes;
			sourceTree = "<group>";
		};
		40555EB5246F10A000FF79B8 /* SwfitRuntimeTest */ = {
			isa = PBXGroup;
			children = (
				40555EB6246F10A000FF79B8 /* ViewController.swift */,
				40555EB7246F10A000FF79B8 /* ViewModel.swift */,
				40555EB8246F10A000FF79B8 /* NSObjectExtensions.swift */,
			);
			name = SwfitRuntimeTest;
			path = LegoExample/Classes/SwfitRuntimeTest;
			sourceTree = SOURCE_ROOT;
		};
		D99A00674551A9C9D9E44834 /* Frameworks */ = {
			isa = PBXGroup;
			children = (
				C77E100A5424A4EF3150E5CC /* Pods_LegoExample.framework */,
			);
			name = Frameworks;
			sourceTree = "<group>";
		};
		DC840330B1222CEB9CD4D364 /* Pods */ = {
			isa = PBXGroup;
			children = (
				4B83FC8FDB53DA6FE6D97386 /* Pods-LegoExample.debug.xcconfig */,
				8680EA11D83900990C4331F3 /* Pods-LegoExample.release.xcconfig */,
			);
			path = Pods;
			sourceTree = "<group>";
		};
/* End PBXGroup section */

/* Begin PBXNativeTarget section */
		40555E3A246EF5BA00FF79B8 /* LegoExample */ = {
			isa = PBXNativeTarget;
			buildConfigurationList = 40555E65246EF5BB00FF79B8 /* Build configuration list for PBXNativeTarget "LegoExample" */;
			buildPhases = (
				0819515E94C37887CDBFB1A0 /* [CP] Check Pods Manifest.lock */,
				40555E37246EF5BA00FF79B8 /* Sources */,
				40555E38246EF5BA00FF79B8 /* Frameworks */,
				40555E39246EF5BA00FF79B8 /* Resources */,
				E8BCE001536F5E027CC413D8 /* [CP] Embed Pods Frameworks */,
			);
			buildRules = (
			);
			dependencies = (
			);
			name = LegoExample;
			productName = LegoExample;
			productReference = 40555E3B246EF5BA00FF79B8 /* LegoExample.app */;
			productType = "com.apple.product-type.application";
		};
		40555E50246EF5BB00FF79B8 /* LegoExampleTests */ = {
			isa = PBXNativeTarget;
			buildConfigurationList = 40555E68246EF5BB00FF79B8 /* Build configuration list for PBXNativeTarget "LegoExampleTests" */;
			buildPhases = (
				40555E4D246EF5BB00FF79B8 /* Sources */,
				40555E4E246EF5BB00FF79B8 /* Frameworks */,
				40555E4F246EF5BB00FF79B8 /* Resources */,
			);
			buildRules = (
			);
			dependencies = (
				40555E53246EF5BB00FF79B8 /* PBXTargetDependency */,
			);
			name = LegoExampleTests;
			productName = LegoExampleTests;
			productReference = 40555E51246EF5BB00FF79B8 /* LegoExampleTests.xctest */;
			productType = "com.apple.product-type.bundle.unit-test";
		};
		40555E5B246EF5BB00FF79B8 /* LegoExampleUITests */ = {
			isa = PBXNativeTarget;
			buildConfigurationList = 40555E6B246EF5BB00FF79B8 /* Build configuration list for PBXNativeTarget "LegoExampleUITests" */;
			buildPhases = (
				40555E58246EF5BB00FF79B8 /* Sources */,
				40555E59246EF5BB00FF79B8 /* Frameworks */,
				40555E5A246EF5BB00FF79B8 /* Resources */,
			);
			buildRules = (
			);
			dependencies = (
				40555E5E246EF5BB00FF79B8 /* PBXTargetDependency */,
			);
			name = LegoExampleUITests;
			productName = LegoExampleUITests;
			productReference = 40555E5C246EF5BB00FF79B8 /* LegoExampleUITests.xctest */;
			productType = "com.apple.product-type.bundle.ui-testing";
		};
/* End PBXNativeTarget section */

/* Begin PBXProject section */
		40555E33246EF5BA00FF79B8 /* Project object */ = {
			isa = PBXProject;
			attributes = {
				LastSwiftUpdateCheck = 1120;
				LastUpgradeCheck = 1120;
				ORGANIZATIONNAME = yizzuide;
				TargetAttributes = {
					40555E3A246EF5BA00FF79B8 = {
						CreatedOnToolsVersion = 11.2;
					};
					40555E50246EF5BB00FF79B8 = {
						CreatedOnToolsVersion = 11.2;
						TestTargetID = 40555E3A246EF5BA00FF79B8;
					};
					40555E5B246EF5BB00FF79B8 = {
						CreatedOnToolsVersion = 11.2;
						TestTargetID = 40555E3A246EF5BA00FF79B8;
					};
				};
			};
			buildConfigurationList = 40555E36246EF5BA00FF79B8 /* Build configuration list for PBXProject "LegoExample" */;
			compatibilityVersion = "Xcode 9.3";
			developmentRegion = en;
			hasScannedForEncodings = 0;
			knownRegions = (
				en,
				Base,
			);
			mainGroup = 40555E32246EF5BA00FF79B8;
			productRefGroup = 40555E3C246EF5BA00FF79B8 /* Products */;
			projectDirPath = "";
			projectRoot = "";
			targets = (
				40555E3A246EF5BA00FF79B8 /* LegoExample */,
				40555E50246EF5BB00FF79B8 /* LegoExampleTests */,
				40555E5B246EF5BB00FF79B8 /* LegoExampleUITests */,
			);
		};
/* End PBXProject section */

/* Begin PBXResourcesBuildPhase section */
		40555E39246EF5BA00FF79B8 /* Resources */ = {
			isa = PBXResourcesBuildPhase;
			buildActionMask = 2147483647;
			files = (
				40555E8D246F097600FF79B8 /* IndexViewController.xib in Resources */,
				40555E7A246F04BB00FF79B8 /* LoginViewController.xib in Resources */,
				40555E6F246EF77300FF79B8 /* LaunchScreen.storyboard in Resources */,
				40555EAD246F0C0800FF79B8 /* DetailActivity.xib in Resources */,
				40555E48246EF5BB00FF79B8 /* Preview Assets.xcassets in Resources */,
				40555E45246EF5BB00FF79B8 /* Assets.xcassets in Resources */,
			);
			runOnlyForDeploymentPostprocessing = 0;
		};
		40555E4F246EF5BB00FF79B8 /* Resources */ = {
			isa = PBXResourcesBuildPhase;
			buildActionMask = 2147483647;
			files = (
			);
			runOnlyForDeploymentPostprocessing = 0;
		};
		40555E5A246EF5BB00FF79B8 /* Resources */ = {
			isa = PBXResourcesBuildPhase;
			buildActionMask = 2147483647;
			files = (
			);
			runOnlyForDeploymentPostprocessing = 0;
		};
/* End PBXResourcesBuildPhase section */

/* Begin PBXShellScriptBuildPhase section */
		0819515E94C37887CDBFB1A0 /* [CP] Check Pods Manifest.lock */ = {
			isa = PBXShellScriptBuildPhase;
			buildActionMask = 2147483647;
			files = (
			);
			inputFileListPaths = (
			);
			inputPaths = (
				"${PODS_PODFILE_DIR_PATH}/Podfile.lock",
				"${PODS_ROOT}/Manifest.lock",
			);
			name = "[CP] Check Pods Manifest.lock";
			outputFileListPaths = (
			);
			outputPaths = (
				"$(DERIVED_FILE_DIR)/Pods-LegoExample-checkManifestLockResult.txt",
			);
			runOnlyForDeploymentPostprocessing = 0;
			shellPath = /bin/sh;
			shellScript = "diff \"${PODS_PODFILE_DIR_PATH}/Podfile.lock\" \"${PODS_ROOT}/Manifest.lock\" > /dev/null\nif [ $? != 0 ] ; then\n    # print error to STDERR\n    echo \"error: The sandbox is not in sync with the Podfile.lock. Run 'pod install' or update your CocoaPods installation.\" >&2\n    exit 1\nfi\n# This output is used by Xcode 'outputs' to avoid re-running this script phase.\necho \"SUCCESS\" > \"${SCRIPT_OUTPUT_FILE_0}\"\n";
			showEnvVarsInLog = 0;
		};
		E8BCE001536F5E027CC413D8 /* [CP] Embed Pods Frameworks */ = {
			isa = PBXShellScriptBuildPhase;
			buildActionMask = 2147483647;
			files = (
			);
			inputFileListPaths = (
				"${PODS_ROOT}/Target Support Files/Pods-LegoExample/Pods-LegoExample-frameworks-${CONFIGURATION}-input-files.xcfilelist",
			);
			name = "[CP] Embed Pods Frameworks";
			outputFileListPaths = (
				"${PODS_ROOT}/Target Support Files/Pods-LegoExample/Pods-LegoExample-frameworks-${CONFIGURATION}-output-files.xcfilelist",
			);
			runOnlyForDeploymentPostprocessing = 0;
			shellPath = /bin/sh;
			shellScript = "\"${PODS_ROOT}/Target Support Files/Pods-LegoExample/Pods-LegoExample-frameworks.sh\"\n";
			showEnvVarsInLog = 0;
		};
/* End PBXShellScriptBuildPhase section */

/* Begin PBXSourcesBuildPhase section */
		40555E37246EF5BA00FF79B8 /* Sources */ = {
			isa = PBXSourcesBuildPhase;
			buildActionMask = 2147483647;
			files = (
				40555E7B246F04BB00FF79B8 /* LoginViewController.swift in Sources */,
				40555EBB246F10A000FF79B8 /* NSObjectExtensions.swift in Sources */,
				40555E8B246F097600FF79B8 /* IndexDataDriverProtocol.swift in Sources */,
				40555E8E246F097600FF79B8 /* IndexViewController.swift in Sources */,
				40555E3F246EF5BA00FF79B8 /* AppDelegate.swift in Sources */,
				40555EA8246F0C0800FF79B8 /* DetailDataManager.swift in Sources */,
				40555E80246F05DD00FF79B8 /* XFRegisterViewController.m in Sources */,
				40555EA3246F0C0800FF79B8 /* DetailEventHandlerPort.swift in Sources */,
				40555EB2246F0D8100FF79B8 /* LosePwdViewController.m in Sources */,
				40555EA5246F0C0800FF79B8 /* DetailWireFramePort.swift in Sources */,
				40555E41246EF5BA00FF79B8 /* SceneDelegate.swift in Sources */,
				40555EA7246F0C0800FF79B8 /* DetailInteractorPort.swift in Sources */,
				40555E43246EF5BA00FF79B8 /* ContentView.swift in Sources */,
				40555EAB246F0C0800FF79B8 /* DetailRouting.swift in Sources */,
				40555E8A246F097600FF79B8 /* IndexViewModel.swift in Sources */,
				40555EBA246F10A000FF79B8 /* ViewModel.swift in Sources */,
				40555EAC246F0C0800FF79B8 /* DetailActivity.swift in Sources */,
				40555E8C246F097600FF79B8 /* IndexViewProtocol.swift in Sources */,
				40555EA6246F0C0800FF79B8 /* DetailDataManagerPort.swift in Sources */,
				40555EA4246F0C0800FF79B8 /* DetailUserInterfacePort.swift in Sources */,
				40555EB9246F10A000FF79B8 /* ViewController.swift in Sources */,
				40555EA9246F0C0800FF79B8 /* DetailInteractor.swift in Sources */,
				40555EAA246F0C0800FF79B8 /* DetailPresenter.swift in Sources */,
			);
			runOnlyForDeploymentPostprocessing = 0;
		};
		40555E4D246EF5BB00FF79B8 /* Sources */ = {
			isa = PBXSourcesBuildPhase;
			buildActionMask = 2147483647;
			files = (
				40555E56246EF5BB00FF79B8 /* LegoExampleTests.swift in Sources */,
			);
			runOnlyForDeploymentPostprocessing = 0;
		};
		40555E58246EF5BB00FF79B8 /* Sources */ = {
			isa = PBXSourcesBuildPhase;
			buildActionMask = 2147483647;
			files = (
				40555E61246EF5BB00FF79B8 /* LegoExampleUITests.swift in Sources */,
			);
			runOnlyForDeploymentPostprocessing = 0;
		};
/* End PBXSourcesBuildPhase section */

/* Begin PBXTargetDependency section */
		40555E53246EF5BB00FF79B8 /* PBXTargetDependency */ = {
			isa = PBXTargetDependency;
			target = 40555E3A246EF5BA00FF79B8 /* LegoExample */;
			targetProxy = 40555E52246EF5BB00FF79B8 /* PBXContainerItemProxy */;
		};
		40555E5E246EF5BB00FF79B8 /* PBXTargetDependency */ = {
			isa = PBXTargetDependency;
			target = 40555E3A246EF5BA00FF79B8 /* LegoExample */;
			targetProxy = 40555E5D246EF5BB00FF79B8 /* PBXContainerItemProxy */;
		};
/* End PBXTargetDependency section */

/* Begin XCBuildConfiguration section */
		40555E63246EF5BB00FF79B8 /* Debug */ = {
			isa = XCBuildConfiguration;
			buildSettings = {
				ALWAYS_SEARCH_USER_PATHS = NO;
				CLANG_ANALYZER_NONNULL = YES;
				CLANG_ANALYZER_NUMBER_OBJECT_CONVERSION = YES_AGGRESSIVE;
				CLANG_CXX_LANGUAGE_STANDARD = "gnu++14";
				CLANG_CXX_LIBRARY = "libc++";
				CLANG_ENABLE_MODULES = YES;
				CLANG_ENABLE_OBJC_ARC = YES;
				CLANG_ENABLE_OBJC_WEAK = YES;
				CLANG_WARN_BLOCK_CAPTURE_AUTORELEASING = YES;
				CLANG_WARN_BOOL_CONVERSION = YES;
				CLANG_WARN_COMMA = YES;
				CLANG_WARN_CONSTANT_CONVERSION = YES;
				CLANG_WARN_DEPRECATED_OBJC_IMPLEMENTATIONS = YES;
				CLANG_WARN_DIRECT_OBJC_ISA_USAGE = YES_ERROR;
				CLANG_WARN_DOCUMENTATION_COMMENTS = YES;
				CLANG_WARN_EMPTY_BODY = YES;
				CLANG_WARN_ENUM_CONVERSION = YES;
				CLANG_WARN_INFINITE_RECURSION = YES;
				CLANG_WARN_INT_CONVERSION = YES;
				CLANG_WARN_NON_LITERAL_NULL_CONVERSION = YES;
				CLANG_WARN_OBJC_IMPLICIT_RETAIN_SELF = YES;
				CLANG_WARN_OBJC_LITERAL_CONVERSION = YES;
				CLANG_WARN_OBJC_ROOT_CLASS = YES_ERROR;
				CLANG_WARN_RANGE_LOOP_ANALYSIS = YES;
				CLANG_WARN_STRICT_PROTOTYPES = YES;
				CLANG_WARN_SUSPICIOUS_MOVE = YES;
				CLANG_WARN_UNGUARDED_AVAILABILITY = YES_AGGRESSIVE;
				CLANG_WARN_UNREACHABLE_CODE = YES;
				CLANG_WARN__DUPLICATE_METHOD_MATCH = YES;
				COPY_PHASE_STRIP = NO;
				DEBUG_INFORMATION_FORMAT = dwarf;
				ENABLE_STRICT_OBJC_MSGSEND = YES;
				ENABLE_TESTABILITY = YES;
				GCC_C_LANGUAGE_STANDARD = gnu11;
				GCC_DYNAMIC_NO_PIC = NO;
				GCC_NO_COMMON_BLOCKS = YES;
				GCC_OPTIMIZATION_LEVEL = 0;
				GCC_PREPROCESSOR_DEFINITIONS = (
					"DEBUG=1",
					"$(inherited)",
				);
				GCC_WARN_64_TO_32_BIT_CONVERSION = YES;
				GCC_WARN_ABOUT_RETURN_TYPE = YES_ERROR;
				GCC_WARN_UNDECLARED_SELECTOR = YES;
				GCC_WARN_UNINITIALIZED_AUTOS = YES_AGGRESSIVE;
				GCC_WARN_UNUSED_FUNCTION = YES;
				GCC_WARN_UNUSED_VARIABLE = YES;
				IPHONEOS_DEPLOYMENT_TARGET = 13.2;
				MTL_ENABLE_DEBUG_INFO = INCLUDE_SOURCE;
				MTL_FAST_MATH = YES;
				ONLY_ACTIVE_ARCH = YES;
				SDKROOT = iphoneos;
				SWIFT_ACTIVE_COMPILATION_CONDITIONS = DEBUG;
				SWIFT_OPTIMIZATION_LEVEL = "-Onone";
			};
			name = Debug;
		};
		40555E64246EF5BB00FF79B8 /* Release */ = {
			isa = XCBuildConfiguration;
			buildSettings = {
				ALWAYS_SEARCH_USER_PATHS = NO;
				CLANG_ANALYZER_NONNULL = YES;
				CLANG_ANALYZER_NUMBER_OBJECT_CONVERSION = YES_AGGRESSIVE;
				CLANG_CXX_LANGUAGE_STANDARD = "gnu++14";
				CLANG_CXX_LIBRARY = "libc++";
				CLANG_ENABLE_MODULES = YES;
				CLANG_ENABLE_OBJC_ARC = YES;
				CLANG_ENABLE_OBJC_WEAK = YES;
				CLANG_WARN_BLOCK_CAPTURE_AUTORELEASING = YES;
				CLANG_WARN_BOOL_CONVERSION = YES;
				CLANG_WARN_COMMA = YES;
				CLANG_WARN_CONSTANT_CONVERSION = YES;
				CLANG_WARN_DEPRECATED_OBJC_IMPLEMENTATIONS = YES;
				CLANG_WARN_DIRECT_OBJC_ISA_USAGE = YES_ERROR;
				CLANG_WARN_DOCUMENTATION_COMMENTS = YES;
				CLANG_WARN_EMPTY_BODY = YES;
				CLANG_WARN_ENUM_CONVERSION = YES;
				CLANG_WARN_INFINITE_RECURSION = YES;
				CLANG_WARN_INT_CONVERSION = YES;
				CLANG_WARN_NON_LITERAL_NULL_CONVERSION = YES;
				CLANG_WARN_OBJC_IMPLICIT_RETAIN_SELF = YES;
				CLANG_WARN_OBJC_LITERAL_CONVERSION = YES;
				CLANG_WARN_OBJC_ROOT_CLASS = YES_ERROR;
				CLANG_WARN_RANGE_LOOP_ANALYSIS = YES;
				CLANG_WARN_STRICT_PROTOTYPES = YES;
				CLANG_WARN_SUSPICIOUS_MOVE = YES;
				CLANG_WARN_UNGUARDED_AVAILABILITY = YES_AGGRESSIVE;
				CLANG_WARN_UNREACHABLE_CODE = YES;
				CLANG_WARN__DUPLICATE_METHOD_MATCH = YES;
				COPY_PHASE_STRIP = NO;
				DEBUG_INFORMATION_FORMAT = "dwarf-with-dsym";
				ENABLE_NS_ASSERTIONS = NO;
				ENABLE_STRICT_OBJC_MSGSEND = YES;
				GCC_C_LANGUAGE_STANDARD = gnu11;
				GCC_NO_COMMON_BLOCKS = YES;
				GCC_WARN_64_TO_32_BIT_CONVERSION = YES;
				GCC_WARN_ABOUT_RETURN_TYPE = YES_ERROR;
				GCC_WARN_UNDECLARED_SELECTOR = YES;
				GCC_WARN_UNINITIALIZED_AUTOS = YES_AGGRESSIVE;
				GCC_WARN_UNUSED_FUNCTION = YES;
				GCC_WARN_UNUSED_VARIABLE = YES;
				IPHONEOS_DEPLOYMENT_TARGET = 13.2;
				MTL_ENABLE_DEBUG_INFO = NO;
				MTL_FAST_MATH = YES;
				SDKROOT = iphoneos;
				SWIFT_COMPILATION_MODE = wholemodule;
				SWIFT_OPTIMIZATION_LEVEL = "-O";
				VALIDATE_PRODUCT = YES;
			};
			name = Release;
		};
		40555E66246EF5BB00FF79B8 /* Debug */ = {
			isa = XCBuildConfiguration;
			baseConfigurationReference = 4B83FC8FDB53DA6FE6D97386 /* Pods-LegoExample.debug.xcconfig */;
			buildSettings = {
				ASSETCATALOG_COMPILER_APPICON_NAME = AppIcon;
				CODE_SIGN_STYLE = Automatic;
				DEVELOPMENT_ASSET_PATHS = "\"LegoExample/Preview Content\"";
				DEVELOPMENT_TEAM = W7Y2AH8S44;
				ENABLE_PREVIEWS = YES;
				INFOPLIST_FILE = LegoExample/Info.plist;
				LD_RUNPATH_SEARCH_PATHS = (
					"$(inherited)",
					"@executable_path/Frameworks",
				);
				PRODUCT_BUNDLE_IDENTIFIER = com.yizzuide.LegoExample;
				PRODUCT_NAME = "$(TARGET_NAME)";
				SWIFT_VERSION = 5.0;
				TARGETED_DEVICE_FAMILY = "1,2";
			};
			name = Debug;
		};
		40555E67246EF5BB00FF79B8 /* Release */ = {
			isa = XCBuildConfiguration;
			baseConfigurationReference = 8680EA11D83900990C4331F3 /* Pods-LegoExample.release.xcconfig */;
			buildSettings = {
				ASSETCATALOG_COMPILER_APPICON_NAME = AppIcon;
				CODE_SIGN_STYLE = Automatic;
				DEVELOPMENT_ASSET_PATHS = "\"LegoExample/Preview Content\"";
				DEVELOPMENT_TEAM = W7Y2AH8S44;
				ENABLE_PREVIEWS = YES;
				INFOPLIST_FILE = LegoExample/Info.plist;
				LD_RUNPATH_SEARCH_PATHS = (
					"$(inherited)",
					"@executable_path/Frameworks",
				);
				PRODUCT_BUNDLE_IDENTIFIER = com.yizzuide.LegoExample;
				PRODUCT_NAME = "$(TARGET_NAME)";
				SWIFT_VERSION = 5.0;
				TARGETED_DEVICE_FAMILY = "1,2";
			};
			name = Release;
		};
		40555E69246EF5BB00FF79B8 /* Debug */ = {
			isa = XCBuildConfiguration;
			buildSettings = {
				ALWAYS_EMBED_SWIFT_STANDARD_LIBRARIES = YES;
				BUNDLE_LOADER = "$(TEST_HOST)";
				CODE_SIGN_STYLE = Automatic;
				DEVELOPMENT_TEAM = W7Y2AH8S44;
				INFOPLIST_FILE = LegoExampleTests/Info.plist;
				IPHONEOS_DEPLOYMENT_TARGET = 13.2;
				LD_RUNPATH_SEARCH_PATHS = (
					"$(inherited)",
					"@executable_path/Frameworks",
					"@loader_path/Frameworks",
				);
				PRODUCT_BUNDLE_IDENTIFIER = com.yizzuide.LegoExampleTests;
				PRODUCT_NAME = "$(TARGET_NAME)";
				SWIFT_VERSION = 5.0;
				TARGETED_DEVICE_FAMILY = "1,2";
				TEST_HOST = "$(BUILT_PRODUCTS_DIR)/LegoExample.app/LegoExample";
			};
			name = Debug;
		};
		40555E6A246EF5BB00FF79B8 /* Release */ = {
			isa = XCBuildConfiguration;
			buildSettings = {
				ALWAYS_EMBED_SWIFT_STANDARD_LIBRARIES = YES;
				BUNDLE_LOADER = "$(TEST_HOST)";
				CODE_SIGN_STYLE = Automatic;
				DEVELOPMENT_TEAM = W7Y2AH8S44;
				INFOPLIST_FILE = LegoExampleTests/Info.plist;
				IPHONEOS_DEPLOYMENT_TARGET = 13.2;
				LD_RUNPATH_SEARCH_PATHS = (
					"$(inherited)",
					"@executable_path/Frameworks",
					"@loader_path/Frameworks",
				);
				PRODUCT_BUNDLE_IDENTIFIER = com.yizzuide.LegoExampleTests;
				PRODUCT_NAME = "$(TARGET_NAME)";
				SWIFT_VERSION = 5.0;
				TARGETED_DEVICE_FAMILY = "1,2";
				TEST_HOST = "$(BUILT_PRODUCTS_DIR)/LegoExample.app/LegoExample";
			};
			name = Release;
		};
		40555E6C246EF5BB00FF79B8 /* Debug */ = {
			isa = XCBuildConfiguration;
			buildSettings = {
				ALWAYS_EMBED_SWIFT_STANDARD_LIBRARIES = YES;
				CODE_SIGN_STYLE = Automatic;
				DEVELOPMENT_TEAM = W7Y2AH8S44;
				INFOPLIST_FILE = LegoExampleUITests/Info.plist;
				LD_RUNPATH_SEARCH_PATHS = (
					"$(inherited)",
					"@executable_path/Frameworks",
					"@loader_path/Frameworks",
				);
				PRODUCT_BUNDLE_IDENTIFIER = com.yizzuide.LegoExampleUITests;
				PRODUCT_NAME = "$(TARGET_NAME)";
				SWIFT_VERSION = 5.0;
				TARGETED_DEVICE_FAMILY = "1,2";
				TEST_TARGET_NAME = LegoExample;
			};
			name = Debug;
		};
		40555E6D246EF5BB00FF79B8 /* Release */ = {
			isa = XCBuildConfiguration;
			buildSettings = {
				ALWAYS_EMBED_SWIFT_STANDARD_LIBRARIES = YES;
				CODE_SIGN_STYLE = Automatic;
				DEVELOPMENT_TEAM = W7Y2AH8S44;
				INFOPLIST_FILE = LegoExampleUITests/Info.plist;
				LD_RUNPATH_SEARCH_PATHS = (
					"$(inherited)",
					"@executable_path/Frameworks",
					"@loader_path/Frameworks",
				);
				PRODUCT_BUNDLE_IDENTIFIER = com.yizzuide.LegoExampleUITests;
				PRODUCT_NAME = "$(TARGET_NAME)";
				SWIFT_VERSION = 5.0;
				TARGETED_DEVICE_FAMILY = "1,2";
				TEST_TARGET_NAME = LegoExample;
			};
			name = Release;
		};
/* End XCBuildConfiguration section */

/* Begin XCConfigurationList section */
		40555E36246EF5BA00FF79B8 /* Build configuration list for PBXProject "LegoExample" */ = {
			isa = XCConfigurationList;
			buildConfigurations = (
				40555E63246EF5BB00FF79B8 /* Debug */,
				40555E64246EF5BB00FF79B8 /* Release */,
			);
			defaultConfigurationIsVisible = 0;
			defaultConfigurationName = Release;
		};
		40555E65246EF5BB00FF79B8 /* Build configuration list for PBXNativeTarget "LegoExample" */ = {
			isa = XCConfigurationList;
			buildConfigurations = (
				40555E66246EF5BB00FF79B8 /* Debug */,
				40555E67246EF5BB00FF79B8 /* Release */,
			);
			defaultConfigurationIsVisible = 0;
			defaultConfigurationName = Release;
		};
		40555E68246EF5BB00FF79B8 /* Build configuration list for PBXNativeTarget "LegoExampleTests" */ = {
			isa = XCConfigurationList;
			buildConfigurations = (
				40555E69246EF5BB00FF79B8 /* Debug */,
				40555E6A246EF5BB00FF79B8 /* Release */,
			);
			defaultConfigurationIsVisible = 0;
			defaultConfigurationName = Release;
		};
		40555E6B246EF5BB00FF79B8 /* Build configuration list for PBXNativeTarget "LegoExampleUITests" */ = {
			isa = XCConfigurationList;
			buildConfigurations = (
				40555E6C246EF5BB00FF79B8 /* Debug */,
				40555E6D246EF5BB00FF79B8 /* Release */,
			);
			defaultConfigurationIsVisible = 0;
			defaultConfigurationName = Release;
		};
/* End XCConfigurationList section */
	};
	rootObject = 40555E33246EF5BA00FF79B8 /* Project object */;
}
